
Microsoft Visual Studio Solution File, Format Version 12.00
# Visual Studio Version 17
VisualStudioVersion = 17.0.31903.59
MinimumVisualStudioVersion = 10.0.40219.1
Project("{2150E333-8FDC-42A3-9474-1A3956D46DE8}") = "src", "src", "{F136FC17-6883-4EA9-A680-2E4496934BA9}"
EndProject
Project("{F2A71F9B-5D33-465A-A702-920D77279786}") = "Bandido", "src\Bandido\Bandido.fsproj", "{A93618F5-BA3E-4C37-B391-326C802DF256}"
EndProject
Global
	GlobalSection(SolutionConfigurationPlatforms) = preSolution
		Debug|Any CPU = Debug|Any CPU
		Release|Any CPU = Release|Any CPU
	EndGlobalSection
	GlobalSection(SolutionProperties) = preSolution
		HideSolutionNode = FALSE
	EndGlobalSection
	GlobalSection(ProjectConfigurationPlatforms) = postSolution
		{A93618F5-BA3E-4C37-B391-326C802DF256}.Debug|Any CPU.ActiveCfg = Debug|Any CPU
		{A93618F5-BA3E-4C37-B391-326C802DF256}.Debug|Any CPU.Build.0 = Debug|Any CPU
		{A93618F5-BA3E-4C37-B391-326C802DF256}.Release|Any CPU.ActiveCfg = Release|Any CPU
		{A93618F5-BA3E-4C37-B391-326C802DF256}.Release|Any CPU.Build.0 = Release|Any CPU
	EndGlobalSection
	GlobalSection(NestedProjects) = preSolution
		{A93618F5-BA3E-4C37-B391-326C802DF256} = {F136FC17-6883-4EA9-A680-2E4496934BA9}
	EndGlobalSection
EndGlobal
